
Microsoft Visual Studio Solution File, Format Version 12.00
# Visual Studio Version 17
VisualStudioVersion = 17.2.32602.215
MinimumVisualStudioVersion = 10.0.40219.1
Project("{9A19103F-16F7-4668-BE54-9A1E7A4F7556}") = "SimulationExample", "SimulationExample\SimulationExample.csproj", "{96724CEA-6AE0-44C8-ADE7-9034C5B5B3F3}"
EndProject
Project("{FAE04EC0-301F-11D3-BF4B-00C04F79EFBC}") = "SMC_Example", "SMC_Example\SMC_Example.csproj", "{95CA81CC-955D-49B9-A36B-B4970B00B9DF}"
EndProject
Global
	GlobalSection(SolutionConfigurationPlatforms) = preSolution
		Debug|Any CPU = Debug|Any CPU
		Release|Any CPU = Release|Any CPU
	EndGlobalSection
	GlobalSection(ProjectConfigurationPlatforms) = postSolution
		{96724CEA-6AE0-44C8-ADE7-9034C5B5B3F3}.Debug|Any CPU.ActiveCfg = Debug|Any CPU
		{96724CEA-6AE0-44C8-ADE7-9034C5B5B3F3}.Debug|Any CPU.Build.0 = Debug|Any CPU
		{96724CEA-6AE0-44C8-ADE7-9034C5B5B3F3}.Release|Any CPU.ActiveCfg = Release|Any CPU
		{96724CEA-6AE0-44C8-ADE7-9034C5B5B3F3}.Release|Any CPU.Build.0 = Release|Any CPU
		{95CA81CC-955D-49B9-A36B-B4970B00B9DF}.Debug|Any CPU.ActiveCfg = Debug|Any CPU
		{95CA81CC-955D-49B9-A36B-B4970B00B9DF}.Debug|Any CPU.Build.0 = Debug|Any CPU
		{95CA81CC-955D-49B9-A36B-B4970B00B9DF}.Release|Any CPU.ActiveCfg = Release|Any CPU
		{95CA81CC-955D-49B9-A36B-B4970B00B9DF}.Release|Any CPU.Build.0 = Release|Any CPU
	EndGlobalSection
	GlobalSection(SolutionProperties) = preSolution
		HideSolutionNode = FALSE
	EndGlobalSection
	GlobalSection(ExtensibilityGlobals) = postSolution
		SolutionGuid = {BC772A8E-AEC0-4487-925D-A8FF857947A8}
	EndGlobalSection
EndGlobal
